{
  "name": "shell-example",
  "version": "1.0.0",
  "lockfileVersion": 1,
  "requires": true,
  "dependencies": {
    "microfrontendly": {
      "version": "0.0.1",
      "resolved": "https://registry.npmjs.org/microfrontendly/-/microfrontendly-0.0.1.tgz",
      "integrity": "sha512-WQGo4h1rsz/zVCMiJIf1BaXcFtaFqxs51EOyARIMahAOOun9sjBZaKDDrcqa7/8wAfOJI7mp1QMhl+57lrOjlg=="
    }
  }
}
