# THIS IS AN AUTOGENERATED FILE. DO NOT EDIT THIS FILE DIRECTLY.
# yarn lockfile v1


microfrontendly@0.1.0:
  version "0.1.0"
  resolved "https://registry.yarnpkg.com/microfrontendly/-/microfrontendly-0.1.0.tgz#56336072bd51acebd19b0a226a54543e3ebebfd3"
  integrity sha512-9Agj2eJC5iDLRhW91lFqylCnIlhp0Hf2SJkGvmh94QxvKcoVvEPx1TL7rDlsBl9ARX6UYl1Doxc+gINcUzcOnw==
